// !$*UTF8*$!
{
	archiveVersion = 1;
	classes = {
	};
	objectVersion = 56;
	objects = {

/* Begin PBXBuildFile section */
		E543AA4D290DB70600372ADB /* signUpView.xib in Resources */ = {isa = PBXBuildFile; fileRef = E543AA4C290DB70600372ADB /* signUpView.xib */; };
		E543AA4F290DB80C00372ADB /* GATextView.swift in Sources */ = {isa = PBXBuildFile; fileRef = E543AA4E290DB80C00372ADB /* GATextView.swift */; };
		E543AA52290DB88800372ADB /* GATextView.xib in Resources */ = {isa = PBXBuildFile; fileRef = E543AA51290DB88800372ADB /* GATextView.xib */; };
		E5784F872911D85500581631 /* AuthenticationView.swift in Sources */ = {isa = PBXBuildFile; fileRef = E5784F862911D85500581631 /* AuthenticationView.swift */; };
		E5784F892911D9B400581631 /* GoogleService-Info.plist in Resources */ = {isa = PBXBuildFile; fileRef = E5784F882911D9B400581631 /* GoogleService-Info.plist */; };
		E5784F8C2911DA8300581631 /* FirebaseAnalytics in Frameworks */ = {isa = PBXBuildFile; productRef = E5784F8B2911DA8300581631 /* FirebaseAnalytics */; };
		E5784F8E2911DA8300581631 /* FirebaseAuth in Frameworks */ = {isa = PBXBuildFile; productRef = E5784F8D2911DA8300581631 /* FirebaseAuth */; };
		E5784F902911DA8300581631 /* FirebaseFirestore in Frameworks */ = {isa = PBXBuildFile; productRef = E5784F8F2911DA8300581631 /* FirebaseFirestore */; };
		E5784F932911E0C400581631 /* AuthViewModel.swift in Sources */ = {isa = PBXBuildFile; fileRef = E5784F922911E0C400581631 /* AuthViewModel.swift */; };
		E5833026290B357800132EBB /* UIView+Extension.swift in Sources */ = {isa = PBXBuildFile; fileRef = E5833025290B357800132EBB /* UIView+Extension.swift */; };
		E5833029290B385A00132EBB /* OnboardingSlide.swift in Sources */ = {isa = PBXBuildFile; fileRef = E5833028290B385A00132EBB /* OnboardingSlide.swift */; };
		E583302C290B3C5E00132EBB /* OnboardingCollectionViewCell.swift in Sources */ = {isa = PBXBuildFile; fileRef = E583302B290B3C5E00132EBB /* OnboardingCollectionViewCell.swift */; };
		E5888E3B2909BD4C00045FB3 /* AppDelegate.swift in Sources */ = {isa = PBXBuildFile; fileRef = E5888E3A2909BD4C00045FB3 /* AppDelegate.swift */; };
		E5888E422909BD4C00045FB3 /* Main.storyboard in Resources */ = {isa = PBXBuildFile; fileRef = E5888E402909BD4C00045FB3 /* Main.storyboard */; };
		E5888E442909BD5000045FB3 /* Assets.xcassets in Resources */ = {isa = PBXBuildFile; fileRef = E5888E432909BD5000045FB3 /* Assets.xcassets */; };
		E5888E472909BD5000045FB3 /* LaunchScreen.storyboard in Resources */ = {isa = PBXBuildFile; fileRef = E5888E452909BD5000045FB3 /* LaunchScreen.storyboard */; };
		E5888E522909BD5000045FB3 /* GetAppTests.swift in Sources */ = {isa = PBXBuildFile; fileRef = E5888E512909BD5000045FB3 /* GetAppTests.swift */; };
		E5888E5C2909BD5000045FB3 /* GetAppUITests.swift in Sources */ = {isa = PBXBuildFile; fileRef = E5888E5B2909BD5000045FB3 /* GetAppUITests.swift */; };
		E5888E5E2909BD5000045FB3 /* GetAppUITestsLaunchTests.swift in Sources */ = {isa = PBXBuildFile; fileRef = E5888E5D2909BD5000045FB3 /* GetAppUITestsLaunchTests.swift */; };
		E5BA67472912F27700C7C311 /* TabBarViewController.swift in Sources */ = {isa = PBXBuildFile; fileRef = E5BA67462912F27700C7C311 /* TabBarViewController.swift */; };
		E5BA674A2912F2A300C7C311 /* HomeViewController.swift in Sources */ = {isa = PBXBuildFile; fileRef = E5BA67492912F2A300C7C311 /* HomeViewController.swift */; };
		E5BA674E2912F2C400C7C311 /* SearchViewController.swift in Sources */ = {isa = PBXBuildFile; fileRef = E5BA674D2912F2C400C7C311 /* SearchViewController.swift */; };
		E5BA67512912F2DD00C7C311 /* ProfileViewController.swift in Sources */ = {isa = PBXBuildFile; fileRef = E5BA67502912F2DD00C7C311 /* ProfileViewController.swift */; };
		E5CB74B429119D94007E30C7 /* AuthenticationViewController.swift in Sources */ = {isa = PBXBuildFile; fileRef = E5CB74B229119D94007E30C7 /* AuthenticationViewController.swift */; };
		E5CB74B529119D94007E30C7 /* AuthViewController.xib in Resources */ = {isa = PBXBuildFile; fileRef = E5CB74B329119D94007E30C7 /* AuthViewController.xib */; };
		E5CB74B82911A1A7007E30C7 /* Alert.swift in Sources */ = {isa = PBXBuildFile; fileRef = E5CB74B72911A1A7007E30C7 /* Alert.swift */; };
		E5CB74C02911C096007E30C7 /* SnapKit in Frameworks */ = {isa = PBXBuildFile; productRef = E5CB74BF2911C096007E30C7 /* SnapKit */; };
		E5D6A0AF290C80D200EC573B /* SignInView.swift in Sources */ = {isa = PBXBuildFile; fileRef = E5D6A0AE290C80D200EC573B /* SignInView.swift */; };
		E5D6A0B1290C80E300EC573B /* SignInView.xib in Resources */ = {isa = PBXBuildFile; fileRef = E5D6A0B0290C80E300EC573B /* SignInView.xib */; };
		E5D6A0B3290C80F700EC573B /* SignUpView.swift in Sources */ = {isa = PBXBuildFile; fileRef = E5D6A0B2290C80F700EC573B /* SignUpView.swift */; };
		E5D6A0B8290C82BE00EC573B /* GAView.swift in Sources */ = {isa = PBXBuildFile; fileRef = E5D6A0B7290C82BE00EC573B /* GAView.swift */; };
		E5EF94A42909E17B00CA23F8 /* OnboardingViewController.swift in Sources */ = {isa = PBXBuildFile; fileRef = E5EF94A22909E17B00CA23F8 /* OnboardingViewController.swift */; };
/* End PBXBuildFile section */

/* Begin PBXContainerItemProxy section */
		E5888E4E2909BD5000045FB3 /* PBXContainerItemProxy */ = {
			isa = PBXContainerItemProxy;
			containerPortal = E5888E2F2909BD4C00045FB3 /* Project object */;
			proxyType = 1;
			remoteGlobalIDString = E5888E362909BD4C00045FB3;
			remoteInfo = GetApp;
		};
		E5888E582909BD5000045FB3 /* PBXContainerItemProxy */ = {
			isa = PBXContainerItemProxy;
			containerPortal = E5888E2F2909BD4C00045FB3 /* Project object */;
			proxyType = 1;
			remoteGlobalIDString = E5888E362909BD4C00045FB3;
			remoteInfo = GetApp;
		};
/* End PBXContainerItemProxy section */

/* Begin PBXFileReference section */
		E543AA4C290DB70600372ADB /* signUpView.xib */ = {isa = PBXFileReference; lastKnownFileType = file.xib; path = signUpView.xib; sourceTree = "<group>"; };
		E543AA4E290DB80C00372ADB /* GATextView.swift */ = {isa = PBXFileReference; lastKnownFileType = sourcecode.swift; path = GATextView.swift; sourceTree = "<group>"; };
		E543AA51290DB88800372ADB /* GATextView.xib */ = {isa = PBXFileReference; lastKnownFileType = file.xib; path = GATextView.xib; sourceTree = "<group>"; };
		E5784F862911D85500581631 /* AuthenticationView.swift */ = {isa = PBXFileReference; lastKnownFileType = sourcecode.swift; path = AuthenticationView.swift; sourceTree = "<group>"; };
		E5784F882911D9B400581631 /* GoogleService-Info.plist */ = {isa = PBXFileReference; fileEncoding = 4; lastKnownFileType = text.plist.xml; path = "GoogleService-Info.plist"; sourceTree = "<group>"; };
		E5784F922911E0C400581631 /* AuthViewModel.swift */ = {isa = PBXFileReference; lastKnownFileType = sourcecode.swift; path = AuthViewModel.swift; sourceTree = "<group>"; };
		E5833025290B357800132EBB /* UIView+Extension.swift */ = {isa = PBXFileReference; lastKnownFileType = sourcecode.swift; path = "UIView+Extension.swift"; sourceTree = "<group>"; };
		E5833028290B385A00132EBB /* OnboardingSlide.swift */ = {isa = PBXFileReference; lastKnownFileType = sourcecode.swift; path = OnboardingSlide.swift; sourceTree = "<group>"; };
		E583302B290B3C5E00132EBB /* OnboardingCollectionViewCell.swift */ = {isa = PBXFileReference; lastKnownFileType = sourcecode.swift; path = OnboardingCollectionViewCell.swift; sourceTree = "<group>"; };
		E5888E372909BD4C00045FB3 /* GetApp.app */ = {isa = PBXFileReference; explicitFileType = wrapper.application; includeInIndex = 0; path = GetApp.app; sourceTree = BUILT_PRODUCTS_DIR; };
		E5888E3A2909BD4C00045FB3 /* AppDelegate.swift */ = {isa = PBXFileReference; lastKnownFileType = sourcecode.swift; path = AppDelegate.swift; sourceTree = "<group>"; };
		E5888E412909BD4C00045FB3 /* Base */ = {isa = PBXFileReference; lastKnownFileType = file.storyboard; name = Base; path = Base.lproj/Main.storyboard; sourceTree = "<group>"; };
		E5888E432909BD5000045FB3 /* Assets.xcassets */ = {isa = PBXFileReference; lastKnownFileType = folder.assetcatalog; path = Assets.xcassets; sourceTree = "<group>"; };
		E5888E462909BD5000045FB3 /* Base */ = {isa = PBXFileReference; lastKnownFileType = file.storyboard; name = Base; path = Base.lproj/LaunchScreen.storyboard; sourceTree = "<group>"; };
		E5888E482909BD5000045FB3 /* Info.plist */ = {isa = PBXFileReference; lastKnownFileType = text.plist.xml; path = Info.plist; sourceTree = "<group>"; };
		E5888E4D2909BD5000045FB3 /* GetAppTests.xctest */ = {isa = PBXFileReference; explicitFileType = wrapper.cfbundle; includeInIndex = 0; path = GetAppTests.xctest; sourceTree = BUILT_PRODUCTS_DIR; };
		E5888E512909BD5000045FB3 /* GetAppTests.swift */ = {isa = PBXFileReference; lastKnownFileType = sourcecode.swift; path = GetAppTests.swift; sourceTree = "<group>"; };
		E5888E572909BD5000045FB3 /* GetAppUITests.xctest */ = {isa = PBXFileReference; explicitFileType = wrapper.cfbundle; includeInIndex = 0; path = GetAppUITests.xctest; sourceTree = BUILT_PRODUCTS_DIR; };
		E5888E5B2909BD5000045FB3 /* GetAppUITests.swift */ = {isa = PBXFileReference; lastKnownFileType = sourcecode.swift; path = GetAppUITests.swift; sourceTree = "<group>"; };
		E5888E5D2909BD5000045FB3 /* GetAppUITestsLaunchTests.swift */ = {isa = PBXFileReference; lastKnownFileType = sourcecode.swift; path = GetAppUITestsLaunchTests.swift; sourceTree = "<group>"; };
		E5BA67462912F27700C7C311 /* TabBarViewController.swift */ = {isa = PBXFileReference; lastKnownFileType = sourcecode.swift; path = TabBarViewController.swift; sourceTree = "<group>"; };
		E5BA67492912F2A300C7C311 /* HomeViewController.swift */ = {isa = PBXFileReference; lastKnownFileType = sourcecode.swift; path = HomeViewController.swift; sourceTree = "<group>"; };
		E5BA674D2912F2C400C7C311 /* SearchViewController.swift */ = {isa = PBXFileReference; lastKnownFileType = sourcecode.swift; path = SearchViewController.swift; sourceTree = "<group>"; };
		E5BA67502912F2DD00C7C311 /* ProfileViewController.swift */ = {isa = PBXFileReference; lastKnownFileType = sourcecode.swift; path = ProfileViewController.swift; sourceTree = "<group>"; };
		E5CB74B229119D94007E30C7 /* AuthenticationViewController.swift */ = {isa = PBXFileReference; lastKnownFileType = sourcecode.swift; path = AuthenticationViewController.swift; sourceTree = "<group>"; };
		E5CB74B329119D94007E30C7 /* AuthViewController.xib */ = {isa = PBXFileReference; lastKnownFileType = file.xib; path = AuthViewController.xib; sourceTree = "<group>"; };
		E5CB74B72911A1A7007E30C7 /* Alert.swift */ = {isa = PBXFileReference; lastKnownFileType = sourcecode.swift; path = Alert.swift; sourceTree = "<group>"; };
		E5D6A0AE290C80D200EC573B /* SignInView.swift */ = {isa = PBXFileReference; lastKnownFileType = sourcecode.swift; path = SignInView.swift; sourceTree = "<group>"; };
		E5D6A0B0290C80E300EC573B /* SignInView.xib */ = {isa = PBXFileReference; lastKnownFileType = file.xib; path = SignInView.xib; sourceTree = "<group>"; };
		E5D6A0B2290C80F700EC573B /* SignUpView.swift */ = {isa = PBXFileReference; lastKnownFileType = sourcecode.swift; path = SignUpView.swift; sourceTree = "<group>"; };
		E5D6A0B7290C82BE00EC573B /* GAView.swift */ = {isa = PBXFileReference; lastKnownFileType = sourcecode.swift; path = GAView.swift; sourceTree = "<group>"; };
		E5EF94A22909E17B00CA23F8 /* OnboardingViewController.swift */ = {isa = PBXFileReference; lastKnownFileType = sourcecode.swift; path = OnboardingViewController.swift; sourceTree = "<group>"; };
/* End PBXFileReference section */

/* Begin PBXFrameworksBuildPhase section */
		E5888E342909BD4C00045FB3 /* Frameworks */ = {
			isa = PBXFrameworksBuildPhase;
			buildActionMask = 2147483647;
			files = (
				E5784F8C2911DA8300581631 /* FirebaseAnalytics in Frameworks */,
				E5784F902911DA8300581631 /* FirebaseFirestore in Frameworks */,
				E5784F8E2911DA8300581631 /* FirebaseAuth in Frameworks */,
				E5CB74C02911C096007E30C7 /* SnapKit in Frameworks */,
			);
			runOnlyForDeploymentPostprocessing = 0;
		};
		E5888E4A2909BD5000045FB3 /* Frameworks */ = {
			isa = PBXFrameworksBuildPhase;
			buildActionMask = 2147483647;
			files = (
			);
			runOnlyForDeploymentPostprocessing = 0;
		};
		E5888E542909BD5000045FB3 /* Frameworks */ = {
			isa = PBXFrameworksBuildPhase;
			buildActionMask = 2147483647;
			files = (
			);
			runOnlyForDeploymentPostprocessing = 0;
		};
/* End PBXFrameworksBuildPhase section */

/* Begin PBXGroup section */
		E543AA50290DB85900372ADB /* GATextView */ = {
			isa = PBXGroup;
			children = (
				E543AA4E290DB80C00372ADB /* GATextView.swift */,
				E543AA51290DB88800372ADB /* GATextView.xib */,
			);
			path = GATextView;
			sourceTree = "<group>";
		};
		E5784F912911E0A900581631 /* AuthViewModel */ = {
			isa = PBXGroup;
			children = (
				E5784F922911E0C400581631 /* AuthViewModel.swift */,
			);
			path = AuthViewModel;
			sourceTree = "<group>";
		};
		E5833024290B354B00132EBB /* Extensions */ = {
			isa = PBXGroup;
			children = (
				E5833025290B357800132EBB /* UIView+Extension.swift */,
			);
			path = Extensions;
			sourceTree = "<group>";
		};
		E5833027290B384700132EBB /* OnboardingModel */ = {
			isa = PBXGroup;
			children = (
				E5833028290B385A00132EBB /* OnboardingSlide.swift */,
			);
			path = OnboardingModel;
			sourceTree = "<group>";
		};
		E583302A290B3C0000132EBB /* CollectionViewCell */ = {
			isa = PBXGroup;
			children = (
				E583302B290B3C5E00132EBB /* OnboardingCollectionViewCell.swift */,
			);
			path = CollectionViewCell;
			sourceTree = "<group>";
		};
		E5888E2E2909BD4C00045FB3 = {
			isa = PBXGroup;
			children = (
				E5888E392909BD4C00045FB3 /* GetApp */,
				E5888E502909BD5000045FB3 /* GetAppTests */,
				E5888E5A2909BD5000045FB3 /* GetAppUITests */,
				E5888E382909BD4C00045FB3 /* Products */,
			);
			sourceTree = "<group>";
		};
		E5888E382909BD4C00045FB3 /* Products */ = {
			isa = PBXGroup;
			children = (
				E5888E372909BD4C00045FB3 /* GetApp.app */,
				E5888E4D2909BD5000045FB3 /* GetAppTests.xctest */,
				E5888E572909BD5000045FB3 /* GetAppUITests.xctest */,
			);
			name = Products;
			sourceTree = "<group>";
		};
		E5888E392909BD4C00045FB3 /* GetApp */ = {
			isa = PBXGroup;
			children = (
				E5888E6E2909BD9E00045FB3 /* App */,
				E5888E6B2909BD6300045FB3 /* Screens */,
			);
			path = GetApp;
			sourceTree = "<group>";
		};
		E5888E502909BD5000045FB3 /* GetAppTests */ = {
			isa = PBXGroup;
			children = (
				E5888E512909BD5000045FB3 /* GetAppTests.swift */,
			);
			path = GetAppTests;
			sourceTree = "<group>";
		};
		E5888E5A2909BD5000045FB3 /* GetAppUITests */ = {
			isa = PBXGroup;
			children = (
				E5888E5B2909BD5000045FB3 /* GetAppUITests.swift */,
				E5888E5D2909BD5000045FB3 /* GetAppUITestsLaunchTests.swift */,
			);
			path = GetAppUITests;
			sourceTree = "<group>";
		};
		E5888E6B2909BD6300045FB3 /* Screens */ = {
			isa = PBXGroup;
			children = (
				E5BA674F2912F2CA00C7C311 /* Profile */,
				E5BA674B2912F2A800C7C311 /* Search */,
				E5BA67482912F28B00C7C311 /* Home */,
				E5888E402909BD4C00045FB3 /* Main.storyboard */,
				E5BA67452912F23B00C7C311 /* TabBar */,
				E5D6A0A0290C78BC00EC573B /* Authtantication */,
				E5EF94A02909E0FA00CA23F8 /* Onboarding */,
			);
			path = Screens;
			sourceTree = "<group>";
		};
		E5888E6E2909BD9E00045FB3 /* App */ = {
			isa = PBXGroup;
			children = (
				E5CB74B62911A187007E30C7 /* AlertPresentable */,
				E5833024290B354B00132EBB /* Extensions */,
				E5888E732909BDED00045FB3 /* Base */,
				E5888E722909BDC800045FB3 /* Assets */,
				E5888E712909BDBF00045FB3 /* Plists */,
				E5888E702909BDB800045FB3 /* Delegates */,
				E5888E6F2909BDB300045FB3 /* Core */,
			);
			path = App;
			sourceTree = "<group>";
		};
		E5888E6F2909BDB300045FB3 /* Core */ = {
			isa = PBXGroup;
			children = (
				E5D6A0B6290C828000EC573B /* GAKit */,
			);
			path = Core;
			sourceTree = "<group>";
		};
		E5888E702909BDB800045FB3 /* Delegates */ = {
			isa = PBXGroup;
			children = (
				E5888E3A2909BD4C00045FB3 /* AppDelegate.swift */,
			);
			path = Delegates;
			sourceTree = "<group>";
		};
		E5888E712909BDBF00045FB3 /* Plists */ = {
			isa = PBXGroup;
			children = (
				E5888E482909BD5000045FB3 /* Info.plist */,
				E5784F882911D9B400581631 /* GoogleService-Info.plist */,
			);
			path = Plists;
			sourceTree = "<group>";
		};
		E5888E722909BDC800045FB3 /* Assets */ = {
			isa = PBXGroup;
			children = (
				E5888E432909BD5000045FB3 /* Assets.xcassets */,
			);
			path = Assets;
			sourceTree = "<group>";
		};
		E5888E732909BDED00045FB3 /* Base */ = {
			isa = PBXGroup;
			children = (
				E5888E452909BD5000045FB3 /* LaunchScreen.storyboard */,
			);
			path = Base;
			sourceTree = "<group>";
		};
		E5BA67452912F23B00C7C311 /* TabBar */ = {
			isa = PBXGroup;
			children = (
				E5BA67462912F27700C7C311 /* TabBarViewController.swift */,
			);
			path = TabBar;
			sourceTree = "<group>";
		};
		E5BA67482912F28B00C7C311 /* Home */ = {
			isa = PBXGroup;
			children = (
				E5BA67492912F2A300C7C311 /* HomeViewController.swift */,
			);
			path = Home;
			sourceTree = "<group>";
		};
		E5BA674B2912F2A800C7C311 /* Search */ = {
			isa = PBXGroup;
			children = (
				E5BA674D2912F2C400C7C311 /* SearchViewController.swift */,
			);
			path = Search;
			sourceTree = "<group>";
		};
		E5BA674F2912F2CA00C7C311 /* Profile */ = {
			isa = PBXGroup;
			children = (
				E5BA67502912F2DD00C7C311 /* ProfileViewController.swift */,
			);
			path = Profile;
			sourceTree = "<group>";
		};
		E5BA67522912F5BC00C7C311 /* Controller */ = {
			isa = PBXGroup;
			children = (
				E5CB74B229119D94007E30C7 /* AuthenticationViewController.swift */,
			);
			path = Controller;
			sourceTree = "<group>";
		};
		E5CB74B62911A187007E30C7 /* AlertPresentable */ = {
			isa = PBXGroup;
			children = (
				E5CB74B72911A1A7007E30C7 /* Alert.swift */,
			);
			path = AlertPresentable;
			sourceTree = "<group>";
		};
		E5D6A0A0290C78BC00EC573B /* Authtantication */ = {
			isa = PBXGroup;
			children = (
				E5784F912911E0A900581631 /* AuthViewModel */,
				E5BA67522912F5BC00C7C311 /* Controller */,
				E5D6A0AD290C80B000EC573B /* View */,
			);
			path = Authtantication;
			sourceTree = "<group>";
		};
		E5D6A0A7290C7F1C00EC573B /* Sign In */ = {
			isa = PBXGroup;
			children = (
				E5D6A0AE290C80D200EC573B /* SignInView.swift */,
				E5D6A0B0290C80E300EC573B /* SignInView.xib */,
			);
			path = "Sign In";
			sourceTree = "<group>";
		};
		E5D6A0A8290C7F2800EC573B /* Sign Up */ = {
			isa = PBXGroup;
			children = (
				E5D6A0B2290C80F700EC573B /* SignUpView.swift */,
				E543AA4C290DB70600372ADB /* signUpView.xib */,
			);
			path = "Sign Up";
			sourceTree = "<group>";
		};
		E5D6A0AD290C80B000EC573B /* View */ = {
			isa = PBXGroup;
			children = (
				E5CB74B329119D94007E30C7 /* AuthViewController.xib */,
				E5784F862911D85500581631 /* AuthenticationView.swift */,
				E5D6A0A8290C7F2800EC573B /* Sign Up */,
				E5D6A0A7290C7F1C00EC573B /* Sign In */,
			);
			path = View;
			sourceTree = "<group>";
		};
		E5D6A0B6290C828000EC573B /* GAKit */ = {
			isa = PBXGroup;
			children = (
				E543AA50290DB85900372ADB /* GATextView */,
				E5D6A0B7290C82BE00EC573B /* GAView.swift */,
			);
			path = GAKit;
			sourceTree = "<group>";
		};
		E5EF94A02909E0FA00CA23F8 /* Onboarding */ = {
			isa = PBXGroup;
			children = (
				E5833027290B384700132EBB /* OnboardingModel */,
				E5EF94A62909E1A200CA23F8 /* Controller */,
				E5EF94A12909E14F00CA23F8 /* View */,
			);
			path = Onboarding;
			sourceTree = "<group>";
		};
		E5EF94A12909E14F00CA23F8 /* View */ = {
			isa = PBXGroup;
			children = (
				E583302A290B3C0000132EBB /* CollectionViewCell */,
			);
			path = View;
			sourceTree = "<group>";
		};
		E5EF94A62909E1A200CA23F8 /* Controller */ = {
			isa = PBXGroup;
			children = (
				E5EF94A22909E17B00CA23F8 /* OnboardingViewController.swift */,
			);
			path = Controller;
			sourceTree = "<group>";
		};
/* End PBXGroup section */

/* Begin PBXNativeTarget section */
		E5888E362909BD4C00045FB3 /* GetApp */ = {
			isa = PBXNativeTarget;
			buildConfigurationList = E5888E612909BD5000045FB3 /* Build configuration list for PBXNativeTarget "GetApp" */;
			buildPhases = (
				E5888E332909BD4C00045FB3 /* Sources */,
				E5888E342909BD4C00045FB3 /* Frameworks */,
				E5888E352909BD4C00045FB3 /* Resources */,
			);
			buildRules = (
			);
			dependencies = (
			);
			name = GetApp;
			packageProductDependencies = (
				E5CB74BF2911C096007E30C7 /* SnapKit */,
				E5784F8B2911DA8300581631 /* FirebaseAnalytics */,
				E5784F8D2911DA8300581631 /* FirebaseAuth */,
				E5784F8F2911DA8300581631 /* FirebaseFirestore */,
			);
			productName = GetApp;
			productReference = E5888E372909BD4C00045FB3 /* GetApp.app */;
			productType = "com.apple.product-type.application";
		};
		E5888E4C2909BD5000045FB3 /* GetAppTests */ = {
			isa = PBXNativeTarget;
			buildConfigurationList = E5888E642909BD5000045FB3 /* Build configuration list for PBXNativeTarget "GetAppTests" */;
			buildPhases = (
				E5888E492909BD5000045FB3 /* Sources */,
				E5888E4A2909BD5000045FB3 /* Frameworks */,
				E5888E4B2909BD5000045FB3 /* Resources */,
			);
			buildRules = (
			);
			dependencies = (
				E5888E4F2909BD5000045FB3 /* PBXTargetDependency */,
			);
			name = GetAppTests;
			productName = GetAppTests;
			productReference = E5888E4D2909BD5000045FB3 /* GetAppTests.xctest */;
			productType = "com.apple.product-type.bundle.unit-test";
		};
		E5888E562909BD5000045FB3 /* GetAppUITests */ = {
			isa = PBXNativeTarget;
			buildConfigurationList = E5888E672909BD5000045FB3 /* Build configuration list for PBXNativeTarget "GetAppUITests" */;
			buildPhases = (
				E5888E532909BD5000045FB3 /* Sources */,
				E5888E542909BD5000045FB3 /* Frameworks */,
				E5888E552909BD5000045FB3 /* Resources */,
			);
			buildRules = (
			);
			dependencies = (
				E5888E592909BD5000045FB3 /* PBXTargetDependency */,
			);
			name = GetAppUITests;
			productName = GetAppUITests;
			productReference = E5888E572909BD5000045FB3 /* GetAppUITests.xctest */;
			productType = "com.apple.product-type.bundle.ui-testing";
		};
/* End PBXNativeTarget section */

/* Begin PBXProject section */
		E5888E2F2909BD4C00045FB3 /* Project object */ = {
			isa = PBXProject;
			attributes = {
				BuildIndependentTargetsInParallel = 1;
				LastSwiftUpdateCheck = 1400;
				LastUpgradeCheck = 1400;
				TargetAttributes = {
					E5888E362909BD4C00045FB3 = {
						CreatedOnToolsVersion = 14.0.1;
					};
					E5888E4C2909BD5000045FB3 = {
						CreatedOnToolsVersion = 14.0.1;
						TestTargetID = E5888E362909BD4C00045FB3;
					};
					E5888E562909BD5000045FB3 = {
						CreatedOnToolsVersion = 14.0.1;
						TestTargetID = E5888E362909BD4C00045FB3;
					};
				};
			};
			buildConfigurationList = E5888E322909BD4C00045FB3 /* Build configuration list for PBXProject "GetApp" */;
			compatibilityVersion = "Xcode 14.0";
			developmentRegion = en;
			hasScannedForEncodings = 0;
			knownRegions = (
				en,
				Base,
			);
			mainGroup = E5888E2E2909BD4C00045FB3;
			packageReferences = (
				E5CB74BE2911C096007E30C7 /* XCRemoteSwiftPackageReference "SnapKit" */,
				E5784F8A2911DA8300581631 /* XCRemoteSwiftPackageReference "firebase-ios-sdk" */,
			);
			productRefGroup = E5888E382909BD4C00045FB3 /* Products */;
			projectDirPath = "";
			projectRoot = "";
			targets = (
				E5888E362909BD4C00045FB3 /* GetApp */,
				E5888E4C2909BD5000045FB3 /* GetAppTests */,
				E5888E562909BD5000045FB3 /* GetAppUITests */,
			);
		};
/* End PBXProject section */

/* Begin PBXResourcesBuildPhase section */
		E5888E352909BD4C00045FB3 /* Resources */ = {
			isa = PBXResourcesBuildPhase;
			buildActionMask = 2147483647;
			files = (
				E5888E472909BD5000045FB3 /* LaunchScreen.storyboard in Resources */,
				E5784F892911D9B400581631 /* GoogleService-Info.plist in Resources */,
				E5888E442909BD5000045FB3 /* Assets.xcassets in Resources */,
				E5D6A0B1290C80E300EC573B /* SignInView.xib in Resources */,
				E5CB74B529119D94007E30C7 /* AuthViewController.xib in Resources */,
				E543AA52290DB88800372ADB /* GATextView.xib in Resources */,
				E543AA4D290DB70600372ADB /* signUpView.xib in Resources */,
				E5888E422909BD4C00045FB3 /* Main.storyboard in Resources */,
			);
			runOnlyForDeploymentPostprocessing = 0;
		};
		E5888E4B2909BD5000045FB3 /* Resources */ = {
			isa = PBXResourcesBuildPhase;
			buildActionMask = 2147483647;
			files = (
			);
			runOnlyForDeploymentPostprocessing = 0;
		};
		E5888E552909BD5000045FB3 /* Resources */ = {
			isa = PBXResourcesBuildPhase;
			buildActionMask = 2147483647;
			files = (
			);
			runOnlyForDeploymentPostprocessing = 0;
		};
/* End PBXResourcesBuildPhase section */

/* Begin PBXSourcesBuildPhase section */
		E5888E332909BD4C00045FB3 /* Sources */ = {
			isa = PBXSourcesBuildPhase;
			buildActionMask = 2147483647;
			files = (
				E5D6A0AF290C80D200EC573B /* SignInView.swift in Sources */,
				E5833026290B357800132EBB /* UIView+Extension.swift in Sources */,
				E5784F872911D85500581631 /* AuthenticationView.swift in Sources */,
				E5CB74B429119D94007E30C7 /* AuthenticationViewController.swift in Sources */,
				E5BA67472912F27700C7C311 /* TabBarViewController.swift in Sources */,
				E5BA674A2912F2A300C7C311 /* HomeViewController.swift in Sources */,
				E5D6A0B8290C82BE00EC573B /* GAView.swift in Sources */,
				E5BA67512912F2DD00C7C311 /* ProfileViewController.swift in Sources */,
				E5833029290B385A00132EBB /* OnboardingSlide.swift in Sources */,
				E5D6A0B3290C80F700EC573B /* SignUpView.swift in Sources */,
				E583302C290B3C5E00132EBB /* OnboardingCollectionViewCell.swift in Sources */,
				E5BA674E2912F2C400C7C311 /* SearchViewController.swift in Sources */,
				E5EF94A42909E17B00CA23F8 /* OnboardingViewController.swift in Sources */,
				E5CB74B82911A1A7007E30C7 /* Alert.swift in Sources */,
				E543AA4F290DB80C00372ADB /* GATextView.swift in Sources */,
				E5784F932911E0C400581631 /* AuthViewModel.swift in Sources */,
				E5888E3B2909BD4C00045FB3 /* AppDelegate.swift in Sources */,
			);
			runOnlyForDeploymentPostprocessing = 0;
		};
		E5888E492909BD5000045FB3 /* Sources */ = {
			isa = PBXSourcesBuildPhase;
			buildActionMask = 2147483647;
			files = (
				E5888E522909BD5000045FB3 /* GetAppTests.swift in Sources */,
			);
			runOnlyForDeploymentPostprocessing = 0;
		};
		E5888E532909BD5000045FB3 /* Sources */ = {
			isa = PBXSourcesBuildPhase;
			buildActionMask = 2147483647;
			files = (
				E5888E5C2909BD5000045FB3 /* GetAppUITests.swift in Sources */,
				E5888E5E2909BD5000045FB3 /* GetAppUITestsLaunchTests.swift in Sources */,
			);
			runOnlyForDeploymentPostprocessing = 0;
		};
/* End PBXSourcesBuildPhase section */

/* Begin PBXTargetDependency section */
		E5888E4F2909BD5000045FB3 /* PBXTargetDependency */ = {
			isa = PBXTargetDependency;
			target = E5888E362909BD4C00045FB3 /* GetApp */;
			targetProxy = E5888E4E2909BD5000045FB3 /* PBXContainerItemProxy */;
		};
		E5888E592909BD5000045FB3 /* PBXTargetDependency */ = {
			isa = PBXTargetDependency;
			target = E5888E362909BD4C00045FB3 /* GetApp */;
			targetProxy = E5888E582909BD5000045FB3 /* PBXContainerItemProxy */;
		};
/* End PBXTargetDependency section */

/* Begin PBXVariantGroup section */
		E5888E402909BD4C00045FB3 /* Main.storyboard */ = {
			isa = PBXVariantGroup;
			children = (
				E5888E412909BD4C00045FB3 /* Base */,
			);
			name = Main.storyboard;
			sourceTree = "<group>";
		};
		E5888E452909BD5000045FB3 /* LaunchScreen.storyboard */ = {
			isa = PBXVariantGroup;
			children = (
				E5888E462909BD5000045FB3 /* Base */,
			);
			name = LaunchScreen.storyboard;
			sourceTree = "<group>";
		};
/* End PBXVariantGroup section */

/* Begin XCBuildConfiguration section */
		E5888E5F2909BD5000045FB3 /* Debug */ = {
			isa = XCBuildConfiguration;
			buildSettings = {
				ALWAYS_SEARCH_USER_PATHS = NO;
				CLANG_ANALYZER_NONNULL = YES;
				CLANG_ANALYZER_NUMBER_OBJECT_CONVERSION = YES_AGGRESSIVE;
				CLANG_CXX_LANGUAGE_STANDARD = "gnu++20";
				CLANG_ENABLE_MODULES = YES;
				CLANG_ENABLE_OBJC_ARC = YES;
				CLANG_ENABLE_OBJC_WEAK = YES;
				CLANG_WARN_BLOCK_CAPTURE_AUTORELEASING = YES;
				CLANG_WARN_BOOL_CONVERSION = YES;
				CLANG_WARN_COMMA = YES;
				CLANG_WARN_CONSTANT_CONVERSION = YES;
				CLANG_WARN_DEPRECATED_OBJC_IMPLEMENTATIONS = YES;
				CLANG_WARN_DIRECT_OBJC_ISA_USAGE = YES_ERROR;
				CLANG_WARN_DOCUMENTATION_COMMENTS = YES;
				CLANG_WARN_EMPTY_BODY = YES;
				CLANG_WARN_ENUM_CONVERSION = YES;
				CLANG_WARN_INFINITE_RECURSION = YES;
				CLANG_WARN_INT_CONVERSION = YES;
				CLANG_WARN_NON_LITERAL_NULL_CONVERSION = YES;
				CLANG_WARN_OBJC_IMPLICIT_RETAIN_SELF = YES;
				CLANG_WARN_OBJC_LITERAL_CONVERSION = YES;
				CLANG_WARN_OBJC_ROOT_CLASS = YES_ERROR;
				CLANG_WARN_QUOTED_INCLUDE_IN_FRAMEWORK_HEADER = YES;
				CLANG_WARN_RANGE_LOOP_ANALYSIS = YES;
				CLANG_WARN_STRICT_PROTOTYPES = YES;
				CLANG_WARN_SUSPICIOUS_MOVE = YES;
				CLANG_WARN_UNGUARDED_AVAILABILITY = YES_AGGRESSIVE;
				CLANG_WARN_UNREACHABLE_CODE = YES;
				CLANG_WARN__DUPLICATE_METHOD_MATCH = YES;
				COPY_PHASE_STRIP = NO;
				DEBUG_INFORMATION_FORMAT = dwarf;
				ENABLE_STRICT_OBJC_MSGSEND = YES;
				ENABLE_TESTABILITY = YES;
				GCC_C_LANGUAGE_STANDARD = gnu11;
				GCC_DYNAMIC_NO_PIC = NO;
				GCC_NO_COMMON_BLOCKS = YES;
				GCC_OPTIMIZATION_LEVEL = 0;
				GCC_PREPROCESSOR_DEFINITIONS = (
					"DEBUG=1",
					"$(inherited)",
				);
				GCC_WARN_64_TO_32_BIT_CONVERSION = YES;
				GCC_WARN_ABOUT_RETURN_TYPE = YES_ERROR;
				GCC_WARN_UNDECLARED_SELECTOR = YES;
				GCC_WARN_UNINITIALIZED_AUTOS = YES_AGGRESSIVE;
				GCC_WARN_UNUSED_FUNCTION = YES;
				GCC_WARN_UNUSED_VARIABLE = YES;
				IPHONEOS_DEPLOYMENT_TARGET = 12.0;
				MTL_ENABLE_DEBUG_INFO = INCLUDE_SOURCE;
				MTL_FAST_MATH = YES;
				ONLY_ACTIVE_ARCH = YES;
				SDKROOT = iphoneos;
				SWIFT_ACTIVE_COMPILATION_CONDITIONS = DEBUG;
				SWIFT_OPTIMIZATION_LEVEL = "-Onone";
			};
			name = Debug;
		};
		E5888E602909BD5000045FB3 /* Release */ = {
			isa = XCBuildConfiguration;
			buildSettings = {
				ALWAYS_SEARCH_USER_PATHS = NO;
				CLANG_ANALYZER_NONNULL = YES;
				CLANG_ANALYZER_NUMBER_OBJECT_CONVERSION = YES_AGGRESSIVE;
				CLANG_CXX_LANGUAGE_STANDARD = "gnu++20";
				CLANG_ENABLE_MODULES = YES;
				CLANG_ENABLE_OBJC_ARC = YES;
				CLANG_ENABLE_OBJC_WEAK = YES;
				CLANG_WARN_BLOCK_CAPTURE_AUTORELEASING = YES;
				CLANG_WARN_BOOL_CONVERSION = YES;
				CLANG_WARN_COMMA = YES;
				CLANG_WARN_CONSTANT_CONVERSION = YES;
				CLANG_WARN_DEPRECATED_OBJC_IMPLEMENTATIONS = YES;
				CLANG_WARN_DIRECT_OBJC_ISA_USAGE = YES_ERROR;
				CLANG_WARN_DOCUMENTATION_COMMENTS = YES;
				CLANG_WARN_EMPTY_BODY = YES;
				CLANG_WARN_ENUM_CONVERSION = YES;
				CLANG_WARN_INFINITE_RECURSION = YES;
				CLANG_WARN_INT_CONVERSION = YES;
				CLANG_WARN_NON_LITERAL_NULL_CONVERSION = YES;
				CLANG_WARN_OBJC_IMPLICIT_RETAIN_SELF = YES;
				CLANG_WARN_OBJC_LITERAL_CONVERSION = YES;
				CLANG_WARN_OBJC_ROOT_CLASS = YES_ERROR;
				CLANG_WARN_QUOTED_INCLUDE_IN_FRAMEWORK_HEADER = YES;
				CLANG_WARN_RANGE_LOOP_ANALYSIS = YES;
				CLANG_WARN_STRICT_PROTOTYPES = YES;
				CLANG_WARN_SUSPICIOUS_MOVE = YES;
				CLANG_WARN_UNGUARDED_AVAILABILITY = YES_AGGRESSIVE;
				CLANG_WARN_UNREACHABLE_CODE = YES;
				CLANG_WARN__DUPLICATE_METHOD_MATCH = YES;
				COPY_PHASE_STRIP = NO;
				DEBUG_INFORMATION_FORMAT = "dwarf-with-dsym";
				ENABLE_NS_ASSERTIONS = NO;
				ENABLE_STRICT_OBJC_MSGSEND = YES;
				GCC_C_LANGUAGE_STANDARD = gnu11;
				GCC_NO_COMMON_BLOCKS = YES;
				GCC_WARN_64_TO_32_BIT_CONVERSION = YES;
				GCC_WARN_ABOUT_RETURN_TYPE = YES_ERROR;
				GCC_WARN_UNDECLARED_SELECTOR = YES;
				GCC_WARN_UNINITIALIZED_AUTOS = YES_AGGRESSIVE;
				GCC_WARN_UNUSED_FUNCTION = YES;
				GCC_WARN_UNUSED_VARIABLE = YES;
				IPHONEOS_DEPLOYMENT_TARGET = 12.0;
				MTL_ENABLE_DEBUG_INFO = NO;
				MTL_FAST_MATH = YES;
				SDKROOT = iphoneos;
				SWIFT_COMPILATION_MODE = wholemodule;
				SWIFT_OPTIMIZATION_LEVEL = "-O";
				VALIDATE_PRODUCT = YES;
			};
			name = Release;
		};
		E5888E622909BD5000045FB3 /* Debug */ = {
			isa = XCBuildConfiguration;
			buildSettings = {
				ASSETCATALOG_COMPILER_APPICON_NAME = AppIcon;
				ASSETCATALOG_COMPILER_GLOBAL_ACCENT_COLOR_NAME = AccentColor;
				CODE_SIGN_STYLE = Automatic;
				CURRENT_PROJECT_VERSION = 1;
				DEVELOPMENT_TEAM = 5JW46KNSWA;
				GENERATE_INFOPLIST_FILE = YES;
				INFOPLIST_FILE = GetApp/App/Plists/Info.plist;
				INFOPLIST_KEY_UIApplicationSupportsIndirectInputEvents = YES;
				INFOPLIST_KEY_UILaunchStoryboardName = LaunchScreen;
				INFOPLIST_KEY_UIMainStoryboardFile = Main;
				INFOPLIST_KEY_UISupportedInterfaceOrientations_iPad = "UIInterfaceOrientationPortrait UIInterfaceOrientationPortraitUpsideDown UIInterfaceOrientationLandscapeLeft UIInterfaceOrientationLandscapeRight";
				INFOPLIST_KEY_UISupportedInterfaceOrientations_iPhone = "UIInterfaceOrientationPortrait UIInterfaceOrientationLandscapeLeft UIInterfaceOrientationLandscapeRight";
				IPHONEOS_DEPLOYMENT_TARGET = 12.0;
				LD_RUNPATH_SEARCH_PATHS = (
					"$(inherited)",
					"@executable_path/Frameworks",
				);
				MARKETING_VERSION = 1.0;
				PRODUCT_BUNDLE_IDENTIFIER = com.eymenVarilci.GetApp;
				PRODUCT_NAME = "$(TARGET_NAME)";
				SWIFT_EMIT_LOC_STRINGS = YES;
				SWIFT_VERSION = 5.0;
				TARGETED_DEVICE_FAMILY = "1,2";
			};
			name = Debug;
		};
		E5888E632909BD5000045FB3 /* Release */ = {
			isa = XCBuildConfiguration;
			buildSettings = {
				ASSETCATALOG_COMPILER_APPICON_NAME = AppIcon;
				ASSETCATALOG_COMPILER_GLOBAL_ACCENT_COLOR_NAME = AccentColor;
				CODE_SIGN_STYLE = Automatic;
				CURRENT_PROJECT_VERSION = 1;
				DEVELOPMENT_TEAM = 5JW46KNSWA;
				GENERATE_INFOPLIST_FILE = YES;
				INFOPLIST_FILE = GetApp/App/Plists/Info.plist;
				INFOPLIST_KEY_UIApplicationSupportsIndirectInputEvents = YES;
				INFOPLIST_KEY_UILaunchStoryboardName = LaunchScreen;
				INFOPLIST_KEY_UIMainStoryboardFile = Main;
				INFOPLIST_KEY_UISupportedInterfaceOrientations_iPad = "UIInterfaceOrientationPortrait UIInterfaceOrientationPortraitUpsideDown UIInterfaceOrientationLandscapeLeft UIInterfaceOrientationLandscapeRight";
				INFOPLIST_KEY_UISupportedInterfaceOrientations_iPhone = "UIInterfaceOrientationPortrait UIInterfaceOrientationLandscapeLeft UIInterfaceOrientationLandscapeRight";
				IPHONEOS_DEPLOYMENT_TARGET = 12.0;
				LD_RUNPATH_SEARCH_PATHS = (
					"$(inherited)",
					"@executable_path/Frameworks",
				);
				MARKETING_VERSION = 1.0;
				PRODUCT_BUNDLE_IDENTIFIER = com.eymenVarilci.GetApp;
				PRODUCT_NAME = "$(TARGET_NAME)";
				SWIFT_EMIT_LOC_STRINGS = YES;
				SWIFT_VERSION = 5.0;
				TARGETED_DEVICE_FAMILY = "1,2";
			};
			name = Release;
		};
		E5888E652909BD5000045FB3 /* Debug */ = {
			isa = XCBuildConfiguration;
			buildSettings = {
				ALWAYS_EMBED_SWIFT_STANDARD_LIBRARIES = YES;
				BUNDLE_LOADER = "$(TEST_HOST)";
				CODE_SIGN_STYLE = Automatic;
				CURRENT_PROJECT_VERSION = 1;
				DEVELOPMENT_TEAM = 5JW46KNSWA;
				GENERATE_INFOPLIST_FILE = YES;
				IPHONEOS_DEPLOYMENT_TARGET = 16.0;
				MARKETING_VERSION = 1.0;
				PRODUCT_BUNDLE_IDENTIFIER = com.eymenVarilci.GetAppTests;
				PRODUCT_NAME = "$(TARGET_NAME)";
				SWIFT_EMIT_LOC_STRINGS = NO;
				SWIFT_VERSION = 5.0;
				TARGETED_DEVICE_FAMILY = "1,2";
				TEST_HOST = "$(BUILT_PRODUCTS_DIR)/GetApp.app/$(BUNDLE_EXECUTABLE_FOLDER_PATH)/GetApp";
			};
			name = Debug;
		};
		E5888E662909BD5000045FB3 /* Release */ = {
			isa = XCBuildConfiguration;
			buildSettings = {
				ALWAYS_EMBED_SWIFT_STANDARD_LIBRARIES = YES;
				BUNDLE_LOADER = "$(TEST_HOST)";
				CODE_SIGN_STYLE = Automatic;
				CURRENT_PROJECT_VERSION = 1;
				DEVELOPMENT_TEAM = 5JW46KNSWA;
				GENERATE_INFOPLIST_FILE = YES;
				IPHONEOS_DEPLOYMENT_TARGET = 16.0;
				MARKETING_VERSION = 1.0;
				PRODUCT_BUNDLE_IDENTIFIER = com.eymenVarilci.GetAppTests;
				PRODUCT_NAME = "$(TARGET_NAME)";
				SWIFT_EMIT_LOC_STRINGS = NO;
				SWIFT_VERSION = 5.0;
				TARGETED_DEVICE_FAMILY = "1,2";
				TEST_HOST = "$(BUILT_PRODUCTS_DIR)/GetApp.app/$(BUNDLE_EXECUTABLE_FOLDER_PATH)/GetApp";
			};
			name = Release;
		};
		E5888E682909BD5000045FB3 /* Debug */ = {
			isa = XCBuildConfiguration;
			buildSettings = {
				ALWAYS_EMBED_SWIFT_STANDARD_LIBRARIES = YES;
				CODE_SIGN_STYLE = Automatic;
				CURRENT_PROJECT_VERSION = 1;
				DEVELOPMENT_TEAM = 5JW46KNSWA;
				GENERATE_INFOPLIST_FILE = YES;
				MARKETING_VERSION = 1.0;
				PRODUCT_BUNDLE_IDENTIFIER = com.eymenVarilci.GetAppUITests;
				PRODUCT_NAME = "$(TARGET_NAME)";
				SWIFT_EMIT_LOC_STRINGS = NO;
				SWIFT_VERSION = 5.0;
				TARGETED_DEVICE_FAMILY = "1,2";
				TEST_TARGET_NAME = GetApp;
			};
			name = Debug;
		};
		E5888E692909BD5000045FB3 /* Release */ = {
			isa = XCBuildConfiguration;
			buildSettings = {
				ALWAYS_EMBED_SWIFT_STANDARD_LIBRARIES = YES;
				CODE_SIGN_STYLE = Automatic;
				CURRENT_PROJECT_VERSION = 1;
				DEVELOPMENT_TEAM = 5JW46KNSWA;
				GENERATE_INFOPLIST_FILE = YES;
				MARKETING_VERSION = 1.0;
				PRODUCT_BUNDLE_IDENTIFIER = com.eymenVarilci.GetAppUITests;
				PRODUCT_NAME = "$(TARGET_NAME)";
				SWIFT_EMIT_LOC_STRINGS = NO;
				SWIFT_VERSION = 5.0;
				TARGETED_DEVICE_FAMILY = "1,2";
				TEST_TARGET_NAME = GetApp;
			};
			name = Release;
		};
/* End XCBuildConfiguration section */

/* Begin XCConfigurationList section */
		E5888E322909BD4C00045FB3 /* Build configuration list for PBXProject "GetApp" */ = {
			isa = XCConfigurationList;
			buildConfigurations = (
				E5888E5F2909BD5000045FB3 /* Debug */,
				E5888E602909BD5000045FB3 /* Release */,
			);
			defaultConfigurationIsVisible = 0;
			defaultConfigurationName = Release;
		};
		E5888E612909BD5000045FB3 /* Build configuration list for PBXNativeTarget "GetApp" */ = {
			isa = XCConfigurationList;
			buildConfigurations = (
				E5888E622909BD5000045FB3 /* Debug */,
				E5888E632909BD5000045FB3 /* Release */,
			);
			defaultConfigurationIsVisible = 0;
			defaultConfigurationName = Release;
		};
		E5888E642909BD5000045FB3 /* Build configuration list for PBXNativeTarget "GetAppTests" */ = {
			isa = XCConfigurationList;
			buildConfigurations = (
				E5888E652909BD5000045FB3 /* Debug */,
				E5888E662909BD5000045FB3 /* Release */,
			);
			defaultConfigurationIsVisible = 0;
			defaultConfigurationName = Release;
		};
		E5888E672909BD5000045FB3 /* Build configuration list for PBXNativeTarget "GetAppUITests" */ = {
			isa = XCConfigurationList;
			buildConfigurations = (
				E5888E682909BD5000045FB3 /* Debug */,
				E5888E692909BD5000045FB3 /* Release */,
			);
			defaultConfigurationIsVisible = 0;
			defaultConfigurationName = Release;
		};
/* End XCConfigurationList section */

/* Begin XCRemoteSwiftPackageReference section */
		E5784F8A2911DA8300581631 /* XCRemoteSwiftPackageReference "firebase-ios-sdk" */ = {
			isa = XCRemoteSwiftPackageReference;
			repositoryURL = "https://github.com/firebase/firebase-ios-sdk";
			requirement = {
				kind = upToNextMajorVersion;
				minimumVersion = 9.0.0;
			};
		};
		E5CB74BE2911C096007E30C7 /* XCRemoteSwiftPackageReference "SnapKit" */ = {
			isa = XCRemoteSwiftPackageReference;
			repositoryURL = "https://github.com/SnapKit/SnapKit.git";
			requirement = {
				kind = upToNextMajorVersion;
				minimumVersion = 5.0.0;
			};
		};
/* End XCRemoteSwiftPackageReference section */

/* Begin XCSwiftPackageProductDependency section */
		E5784F8B2911DA8300581631 /* FirebaseAnalytics */ = {
			isa = XCSwiftPackageProductDependency;
			package = E5784F8A2911DA8300581631 /* XCRemoteSwiftPackageReference "firebase-ios-sdk" */;
			productName = FirebaseAnalytics;
		};
		E5784F8D2911DA8300581631 /* FirebaseAuth */ = {
			isa = XCSwiftPackageProductDependency;
			package = E5784F8A2911DA8300581631 /* XCRemoteSwiftPackageReference "firebase-ios-sdk" */;
			productName = FirebaseAuth;
		};
		E5784F8F2911DA8300581631 /* FirebaseFirestore */ = {
			isa = XCSwiftPackageProductDependency;
			package = E5784F8A2911DA8300581631 /* XCRemoteSwiftPackageReference "firebase-ios-sdk" */;
			productName = FirebaseFirestore;
		};
		E5CB74BF2911C096007E30C7 /* SnapKit */ = {
			isa = XCSwiftPackageProductDependency;
			package = E5CB74BE2911C096007E30C7 /* XCRemoteSwiftPackageReference "SnapKit" */;
			productName = SnapKit;
		};
/* End XCSwiftPackageProductDependency section */
	};
	rootObject = E5888E2F2909BD4C00045FB3 /* Project object */;
}
